Microsoft Visual Studio Solution File, Format Version 12.00
# Visual Studio Version 17
VisualStudioVersion = 17.5.2.0
MinimumVisualStudioVersion = 10.0.40219.1
Project("{FAE04EC0-301F-11D3-BF4B-00C04F79EFBC}") = "lh-quickstart-dotnet", "lh-quickstart-dotnet.csproj", "{DE89C913-85B5-10BF-2173-1E2FD5A1DE20}"
EndProject
Global
	GlobalSection(SolutionConfigurationPlatforms) = preSolution
		Debug|Any CPU = Debug|Any CPU
		Release|Any CPU = Release|Any CPU
	EndGlobalSection
	GlobalSection(ProjectConfigurationPlatforms) = postSolution
		{DE89C913-85B5-10BF-2173-1E2FD5A1DE20}.Debug|Any CPU.ActiveCfg = Debug|Any CPU
		{DE89C913-85B5-10BF-2173-1E2FD5A1DE20}.Debug|Any CPU.Build.0 = Debug|Any CPU
		{DE89C913-85B5-10BF-2173-1E2FD5A1DE20}.Release|Any CPU.ActiveCfg = Release|Any CPU
		{DE89C913-85B5-10BF-2173-1E2FD5A1DE20}.Release|Any CPU.Build.0 = Release|Any CPU
	EndGlobalSection
	GlobalSection(SolutionProperties) = preSolution
		HideSolutionNode = FALSE
	EndGlobalSection
	GlobalSection(ExtensibilityGlobals) = postSolution
		SolutionGuid = {89643C85-BFA5-41B7-8CDD-A8A5E5F847C1}
	EndGlobalSection
EndGlobal
